
Microsoft Visual Studio Solution File, Format Version 12.00
# Visual Studio Version 17
VisualStudioVersion = 17.8.34330.188
MinimumVisualStudioVersion = 10.0.40219.1
Project("{9A19103F-16F7-4668-BE54-9A1E7A4F7556}") = "belok", "belok.csproj", "{F1B22BDC-87B4-4E93-B9A7-30FF3C2DDDA8}"
EndProject
Project("{FAE04EC0-301F-11D3-BF4B-00C04F79EFBC}") = "TestBelok", "..\TestBelok\TestBelok.csproj", "{FA04DE53-DDFD-44C3-A164-E34C2479242A}"
EndProject
Global
	GlobalSection(SolutionConfigurationPlatforms) = preSolution
		Debug|Any CPU = Debug|Any CPU
		Release|Any CPU = Release|Any CPU
	EndGlobalSection
	GlobalSection(ProjectConfigurationPlatforms) = postSolution
		{F1B22BDC-87B4-4E93-B9A7-30FF3C2DDDA8}.Debug|Any CPU.ActiveCfg = Debug|Any CPU
		{F1B22BDC-87B4-4E93-B9A7-30FF3C2DDDA8}.Debug|Any CPU.Build.0 = Debug|Any CPU
		{F1B22BDC-87B4-4E93-B9A7-30FF3C2DDDA8}.Release|Any CPU.ActiveCfg = Release|Any CPU
		{F1B22BDC-87B4-4E93-B9A7-30FF3C2DDDA8}.Release|Any CPU.Build.0 = Release|Any CPU
		{FA04DE53-DDFD-44C3-A164-E34C2479242A}.Debug|Any CPU.ActiveCfg = Debug|Any CPU
		{FA04DE53-DDFD-44C3-A164-E34C2479242A}.Debug|Any CPU.Build.0 = Debug|Any CPU
		{FA04DE53-DDFD-44C3-A164-E34C2479242A}.Release|Any CPU.ActiveCfg = Release|Any CPU
		{FA04DE53-DDFD-44C3-A164-E34C2479242A}.Release|Any CPU.Build.0 = Release|Any CPU
	EndGlobalSection
	GlobalSection(SolutionProperties) = preSolution
		HideSolutionNode = FALSE
	EndGlobalSection
	GlobalSection(ExtensibilityGlobals) = postSolution
		SolutionGuid = {77DF9286-56BB-48E2-A87E-4928CCA58963}
	EndGlobalSection
EndGlobal
